
Microsoft Visual Studio Solution File, Format Version 12.00
# Visual Studio Version 16
VisualStudioVersion = 16.0.29503.13
MinimumVisualStudioVersion = 10.0.40219.1
Project("{9A19103F-16F7-4668-BE54-9A1E7A4F7556}") = "PatternMatchingInCharp7", "PatternMatchingInCharp7\PatternMatchingInCharp7.csproj", "{CDDF939C-7E21-447B-8803-A76A6DEF6B72}"
EndProject
Project("{FAE04EC0-301F-11D3-BF4B-00C04F79EFBC}") = "PatternMatchingInCharp8", "PatternMatchingInCharp8\PatternMatchingInCharp8.csproj", "{7CC037F6-9B28-437E-9C9B-456AE3FF1144}"
EndProject
Global
	GlobalSection(SolutionConfigurationPlatforms) = preSolution
		Debug|Any CPU = Debug|Any CPU
		Release|Any CPU = Release|Any CPU
	EndGlobalSection
	GlobalSection(ProjectConfigurationPlatforms) = postSolution
		{CDDF939C-7E21-447B-8803-A76A6DEF6B72}.Debug|Any CPU.ActiveCfg = Debug|Any CPU
		{CDDF939C-7E21-447B-8803-A76A6DEF6B72}.Debug|Any CPU.Build.0 = Debug|Any CPU
		{CDDF939C-7E21-447B-8803-A76A6DEF6B72}.Release|Any CPU.ActiveCfg = Release|Any CPU
		{CDDF939C-7E21-447B-8803-A76A6DEF6B72}.Release|Any CPU.Build.0 = Release|Any CPU
		{7CC037F6-9B28-437E-9C9B-456AE3FF1144}.Debug|Any CPU.ActiveCfg = Debug|Any CPU
		{7CC037F6-9B28-437E-9C9B-456AE3FF1144}.Debug|Any CPU.Build.0 = Debug|Any CPU
		{7CC037F6-9B28-437E-9C9B-456AE3FF1144}.Release|Any CPU.ActiveCfg = Release|Any CPU
		{7CC037F6-9B28-437E-9C9B-456AE3FF1144}.Release|Any CPU.Build.0 = Release|Any CPU
	EndGlobalSection
	GlobalSection(SolutionProperties) = preSolution
		HideSolutionNode = FALSE
	EndGlobalSection
	GlobalSection(ExtensibilityGlobals) = postSolution
		SolutionGuid = {4C3B8C53-25AF-43E7-A29D-AEE2FA343137}
	EndGlobalSection
EndGlobal
